
Microsoft Visual Studio Solution File, Format Version 12.00
# Visual Studio Version 17
Project("{2150E333-8FDC-42A3-9474-1A3956D46DE8}") = "Core", "Core", "{15A0C35D-0158-05AB-6A5F-DE065636A09B}"
EndProject
Project("{8BC9CEB8-8B4A-11D0-8D11-00A0C91BC942}") = "RubyEditor", "RubyEditor\RubyEditor.vcxproj", "{6E4CAB39-5A04-ED86-C30B-C6E2AFE28777}"
EndProject
Project("{8BC9CEB8-8B4A-11D0-8D11-00A0C91BC942}") = "Ruby", "Ruby\Ruby.vcxproj", "{67058C7C-533C-8D0D-FC28-7310E83E090F}"
EndProject
Project("{8BC9CEB8-8B4A-11D0-8D11-00A0C91BC942}") = "Sandbox", "Sandbox\Sandbox.vcxproj", "{F4C124E3-60A1-A37E-69B9-2E55D5170AE0}"
EndProject
Project("{8BC9CEB8-8B4A-11D0-8D11-00A0C91BC942}") = "TestGame", "TestGame\TestGame.vcxproj", "{BF10A474-ABDD-FE7F-D4F6-EC27C022340E}"
EndProject
Project("{2150E333-8FDC-42A3-9474-1A3956D46DE8}") = "Dependencies", "Dependencies", "{53E47842-3FC8-3998-A828-34EB942B241A}"
EndProject
Project("{8BC9CEB8-8B4A-11D0-8D11-00A0C91BC942}") = "FreeType", "third_party\FreeType\FreeType.vcxproj", "{49610F50-352E-6A5B-5E47-58034A739FE9}"
EndProject
Project("{8BC9CEB8-8B4A-11D0-8D11-00A0C91BC942}") = "GLFW", "third_party\GLFW\GLFW.vcxproj", "{154B857C-0182-860D-AA6E-6C109684020F}"
EndProject
Project("{8BC9CEB8-8B4A-11D0-8D11-00A0C91BC942}") = "ImGui", "third_party\ImGui\ImGui.vcxproj", "{C0FF640D-2C14-8DBE-F595-301E616989EF}"
EndProject
Project("{8BC9CEB8-8B4A-11D0-8D11-00A0C91BC942}") = "glad", "third_party\glad\glad.vcxproj", "{DD62977C-C999-980D-7286-7E105E9C140F}"
EndProject
Global
	GlobalSection(SolutionConfigurationPlatforms) = preSolution
		Debug|x64 = Debug|x64
		Release|x64 = Release|x64
	EndGlobalSection
	GlobalSection(ProjectConfigurationPlatforms) = postSolution
		{6E4CAB39-5A04-ED86-C30B-C6E2AFE28777}.Debug|x64.ActiveCfg = Debug|x64
		{6E4CAB39-5A04-ED86-C30B-C6E2AFE28777}.Debug|x64.Build.0 = Debug|x64
		{6E4CAB39-5A04-ED86-C30B-C6E2AFE28777}.Release|x64.ActiveCfg = Release|x64
		{6E4CAB39-5A04-ED86-C30B-C6E2AFE28777}.Release|x64.Build.0 = Release|x64
		{67058C7C-533C-8D0D-FC28-7310E83E090F}.Debug|x64.ActiveCfg = Debug|x64
		{67058C7C-533C-8D0D-FC28-7310E83E090F}.Debug|x64.Build.0 = Debug|x64
		{67058C7C-533C-8D0D-FC28-7310E83E090F}.Release|x64.ActiveCfg = Release|x64
		{67058C7C-533C-8D0D-FC28-7310E83E090F}.Release|x64.Build.0 = Release|x64
		{F4C124E3-60A1-A37E-69B9-2E55D5170AE0}.Debug|x64.ActiveCfg = Debug|x64
		{F4C124E3-60A1-A37E-69B9-2E55D5170AE0}.Debug|x64.Build.0 = Debug|x64
		{F4C124E3-60A1-A37E-69B9-2E55D5170AE0}.Release|x64.ActiveCfg = Release|x64
		{F4C124E3-60A1-A37E-69B9-2E55D5170AE0}.Release|x64.Build.0 = Release|x64
		{BF10A474-ABDD-FE7F-D4F6-EC27C022340E}.Debug|x64.ActiveCfg = Debug|x64
		{BF10A474-ABDD-FE7F-D4F6-EC27C022340E}.Debug|x64.Build.0 = Debug|x64
		{BF10A474-ABDD-FE7F-D4F6-EC27C022340E}.Release|x64.ActiveCfg = Release|x64
		{BF10A474-ABDD-FE7F-D4F6-EC27C022340E}.Release|x64.Build.0 = Release|x64
		{49610F50-352E-6A5B-5E47-58034A739FE9}.Debug|x64.ActiveCfg = Debug|x64
		{49610F50-352E-6A5B-5E47-58034A739FE9}.Debug|x64.Build.0 = Debug|x64
		{49610F50-352E-6A5B-5E47-58034A739FE9}.Release|x64.ActiveCfg = Release|x64
		{49610F50-352E-6A5B-5E47-58034A739FE9}.Release|x64.Build.0 = Release|x64
		{154B857C-0182-860D-AA6E-6C109684020F}.Debug|x64.ActiveCfg = Debug|x64
		{154B857C-0182-860D-AA6E-6C109684020F}.Debug|x64.Build.0 = Debug|x64
		{154B857C-0182-860D-AA6E-6C109684020F}.Release|x64.ActiveCfg = Release|x64
		{154B857C-0182-860D-AA6E-6C109684020F}.Release|x64.Build.0 = Release|x64
		{C0FF640D-2C14-8DBE-F595-301E616989EF}.Debug|x64.ActiveCfg = Debug|x64
		{C0FF640D-2C14-8DBE-F595-301E616989EF}.Debug|x64.Build.0 = Debug|x64
		{C0FF640D-2C14-8DBE-F595-301E616989EF}.Release|x64.ActiveCfg = Release|x64
		{C0FF640D-2C14-8DBE-F595-301E616989EF}.Release|x64.Build.0 = Release|x64
		{DD62977C-C999-980D-7286-7E105E9C140F}.Debug|x64.ActiveCfg = Debug|x64
		{DD62977C-C999-980D-7286-7E105E9C140F}.Debug|x64.Build.0 = Debug|x64
		{DD62977C-C999-980D-7286-7E105E9C140F}.Release|x64.ActiveCfg = Release|x64
		{DD62977C-C999-980D-7286-7E105E9C140F}.Release|x64.Build.0 = Release|x64
	EndGlobalSection
	GlobalSection(SolutionProperties) = preSolution
		HideSolutionNode = FALSE
	EndGlobalSection
	GlobalSection(NestedProjects) = preSolution
		{6E4CAB39-5A04-ED86-C30B-C6E2AFE28777} = {15A0C35D-0158-05AB-6A5F-DE065636A09B}
		{67058C7C-533C-8D0D-FC28-7310E83E090F} = {15A0C35D-0158-05AB-6A5F-DE065636A09B}
		{F4C124E3-60A1-A37E-69B9-2E55D5170AE0} = {15A0C35D-0158-05AB-6A5F-DE065636A09B}
		{BF10A474-ABDD-FE7F-D4F6-EC27C022340E} = {15A0C35D-0158-05AB-6A5F-DE065636A09B}
		{49610F50-352E-6A5B-5E47-58034A739FE9} = {53E47842-3FC8-3998-A828-34EB942B241A}
		{154B857C-0182-860D-AA6E-6C109684020F} = {53E47842-3FC8-3998-A828-34EB942B241A}
		{C0FF640D-2C14-8DBE-F595-301E616989EF} = {53E47842-3FC8-3998-A828-34EB942B241A}
		{DD62977C-C999-980D-7286-7E105E9C140F} = {53E47842-3FC8-3998-A828-34EB942B241A}
	EndGlobalSection
EndGlobal
